
Microsoft Visual Studio Solution File, Format Version 12.00
# Visual Studio Version 17
VisualStudioVersion = 17.13.35825.156 d17.13
MinimumVisualStudioVersion = 10.0.40219.1
Project("{FAE04EC0-301F-11D3-BF4B-00C04F79EFBC}") = "ProjectC_Server", "ProjectC_Server\ProjectC_Server.csproj", "{1D71C77A-65E5-4E56-BB6E-3840C2097230}"
EndProject
Project("{FAE04EC0-301F-11D3-BF4B-00C04F79EFBC}") = "ProjectC_Client", "ProjectC_Client\ProjectC_Client.csproj", "{5E1C31FC-A9D7-4E76-AD4A-8D46D1452DB4}"
EndProject
Global
	GlobalSection(SolutionConfigurationPlatforms) = preSolution
		Debug|Any CPU = Debug|Any CPU
		Release|Any CPU = Release|Any CPU
	EndGlobalSection
	GlobalSection(ProjectConfigurationPlatforms) = postSolution
		{1D71C77A-65E5-4E56-BB6E-3840C2097230}.Debug|Any CPU.ActiveCfg = Debug|Any CPU
		{1D71C77A-65E5-4E56-BB6E-3840C2097230}.Debug|Any CPU.Build.0 = Debug|Any CPU
		{1D71C77A-65E5-4E56-BB6E-3840C2097230}.Release|Any CPU.ActiveCfg = Release|Any CPU
		{1D71C77A-65E5-4E56-BB6E-3840C2097230}.Release|Any CPU.Build.0 = Release|Any CPU
		{5E1C31FC-A9D7-4E76-AD4A-8D46D1452DB4}.Debug|Any CPU.ActiveCfg = Debug|Any CPU
		{5E1C31FC-A9D7-4E76-AD4A-8D46D1452DB4}.Debug|Any CPU.Build.0 = Debug|Any CPU
		{5E1C31FC-A9D7-4E76-AD4A-8D46D1452DB4}.Release|Any CPU.ActiveCfg = Release|Any CPU
		{5E1C31FC-A9D7-4E76-AD4A-8D46D1452DB4}.Release|Any CPU.Build.0 = Release|Any CPU
	EndGlobalSection
	GlobalSection(SolutionProperties) = preSolution
		HideSolutionNode = FALSE
	EndGlobalSection
	GlobalSection(ExtensibilityGlobals) = postSolution
		SolutionGuid = {9A416886-AB58-4A96-A1DC-3D95C7857D10}
	EndGlobalSection
EndGlobal
